# This file was autogenerated by Stack.
# You should not edit this file by hand.
# For more information, please see the documentation at:
#   https://docs.haskellstack.org/en/stable/lock_files

packages:
- completed:
    hackage: reanimate-1.1.5.0@sha256:28b1032c77ce62188189c96f0b3254442804604d33a8f41e2a6410c4e06b7e59,6529
    pantry-tree:
      sha256: 391e08efcec41491a537fa0e267fb1d63626de0ec4506e1dc5ceaa36354f5309
      size: 32482
  original:
    hackage: reanimate-1.1.5.0
- completed:
    hackage: reanimate-svg-0.13.0.1@sha256:260957e61e2e290a6cbca1d129fa0da66d624a224d0016d3bdc76fa210c70cbd,2950
    pantry-tree:
      sha256: 93a217570c21431d5c9cf369058c8227aa1dee3a506edfed324550969c55a685
      size: 39432
  original:
    hackage: reanimate-svg-0.13.0.1
snapshots:
- completed:
    sha256: 428ec8d5ce932190d3cbe266b9eb3c175cd81e984babf876b64019e2cbe4ea68
    size: 590100
    url: https://raw.githubusercontent.com/commercialhaskell/stackage-snapshots/master/lts/18/28.yaml
  original: lts-18.28
